
Microsoft Visual Studio Solution File, Format Version 12.00
# Visual Studio Version 17
VisualStudioVersion = 17.8.34525.116
MinimumVisualStudioVersion = 10.0.40219.1
Project("{FAE04EC0-301F-11D3-BF4B-00C04F79EFBC}") = "hola", "hola\hola.csproj", "{DD739DB3-3621-4904-82A4-46DBB5CE5964}"
EndProject
Global
	GlobalSection(SolutionConfigurationPlatforms) = preSolution
		Debug|Any CPU = Debug|Any CPU
		Release|Any CPU = Release|Any CPU
	EndGlobalSection
	GlobalSection(ProjectConfigurationPlatforms) = postSolution
		{DD739DB3-3621-4904-82A4-46DBB5CE5964}.Debug|Any CPU.ActiveCfg = Debug|Any CPU
		{DD739DB3-3621-4904-82A4-46DBB5CE5964}.Debug|Any CPU.Build.0 = Debug|Any CPU
		{DD739DB3-3621-4904-82A4-46DBB5CE5964}.Release|Any CPU.ActiveCfg = Release|Any CPU
		{DD739DB3-3621-4904-82A4-46DBB5CE5964}.Release|Any CPU.Build.0 = Release|Any CPU
	EndGlobalSection
	GlobalSection(SolutionProperties) = preSolution
		HideSolutionNode = FALSE
	EndGlobalSection
	GlobalSection(ExtensibilityGlobals) = postSolution
		SolutionGuid = {AE013658-028B-4E32-B6FF-3004C694049A}
	EndGlobalSection
EndGlobal
